
Microsoft Visual Studio Solution File, Format Version 12.00
# Visual Studio Version 16
VisualStudioVersion = 16.0.31321.278
MinimumVisualStudioVersion = 10.0.40219.1
Project("{FAE04EC0-301F-11D3-BF4B-00C04F79EFBC}") = "SimpleK8sHosting", "SimpleK8sHosting.csproj", "{BAEC1985-509B-43CC-9AE6-08AFE3CDE605}"
EndProject
Project("{E53339B2-1760-4266-BCC7-CA923CBCF16C}") = "docker-compose", "docker-compose.dcproj", "{0598BF6B-0F5D-4A4E-8CC8-B5D82E187468}"
EndProject
Global
	GlobalSection(SolutionConfigurationPlatforms) = preSolution
		Debug|Any CPU = Debug|Any CPU
		Release|Any CPU = Release|Any CPU
	EndGlobalSection
	GlobalSection(ProjectConfigurationPlatforms) = postSolution
		{BAEC1985-509B-43CC-9AE6-08AFE3CDE605}.Debug|Any CPU.ActiveCfg = Debug|Any CPU
		{BAEC1985-509B-43CC-9AE6-08AFE3CDE605}.Debug|Any CPU.Build.0 = Debug|Any CPU
		{BAEC1985-509B-43CC-9AE6-08AFE3CDE605}.Release|Any CPU.ActiveCfg = Release|Any CPU
		{BAEC1985-509B-43CC-9AE6-08AFE3CDE605}.Release|Any CPU.Build.0 = Release|Any CPU
		{0598BF6B-0F5D-4A4E-8CC8-B5D82E187468}.Debug|Any CPU.ActiveCfg = Debug|Any CPU
		{0598BF6B-0F5D-4A4E-8CC8-B5D82E187468}.Debug|Any CPU.Build.0 = Debug|Any CPU
		{0598BF6B-0F5D-4A4E-8CC8-B5D82E187468}.Release|Any CPU.ActiveCfg = Release|Any CPU
		{0598BF6B-0F5D-4A4E-8CC8-B5D82E187468}.Release|Any CPU.Build.0 = Release|Any CPU
	EndGlobalSection
	GlobalSection(SolutionProperties) = preSolution
		HideSolutionNode = FALSE
	EndGlobalSection
	GlobalSection(ExtensibilityGlobals) = postSolution
		SolutionGuid = {8B6993A5-74F7-4BA0-A99C-61A32747F3D6}
	EndGlobalSection
EndGlobal
