
Microsoft Visual Studio Solution File, Format Version 12.00
# Visual Studio Version 16
VisualStudioVersion = 16.0.31321.278
MinimumVisualStudioVersion = 10.0.40219.1
Project("{9A19103F-16F7-4668-BE54-9A1E7A4F7556}") = "HostingAssembly", "HostingAssembly\HostingAssembly.csproj", "{B71BCEEA-2B2D-4E8E-B6EA-374FF412AEE6}"
EndProject
Project("{FAE04EC0-301F-11D3-BF4B-00C04F79EFBC}") = "AnotherControllersAssembly", "AnotherControllersAssembly\AnotherControllersAssembly.csproj", "{F3A3640B-DA4B-417D-A160-616C60B0979F}"
EndProject
Global
	GlobalSection(SolutionConfigurationPlatforms) = preSolution
		Debug|Any CPU = Debug|Any CPU
		Release|Any CPU = Release|Any CPU
	EndGlobalSection
	GlobalSection(ProjectConfigurationPlatforms) = postSolution
		{B71BCEEA-2B2D-4E8E-B6EA-374FF412AEE6}.Debug|Any CPU.ActiveCfg = Debug|Any CPU
		{B71BCEEA-2B2D-4E8E-B6EA-374FF412AEE6}.Debug|Any CPU.Build.0 = Debug|Any CPU
		{B71BCEEA-2B2D-4E8E-B6EA-374FF412AEE6}.Release|Any CPU.ActiveCfg = Release|Any CPU
		{B71BCEEA-2B2D-4E8E-B6EA-374FF412AEE6}.Release|Any CPU.Build.0 = Release|Any CPU
		{F3A3640B-DA4B-417D-A160-616C60B0979F}.Debug|Any CPU.ActiveCfg = Debug|Any CPU
		{F3A3640B-DA4B-417D-A160-616C60B0979F}.Debug|Any CPU.Build.0 = Debug|Any CPU
		{F3A3640B-DA4B-417D-A160-616C60B0979F}.Release|Any CPU.ActiveCfg = Release|Any CPU
		{F3A3640B-DA4B-417D-A160-616C60B0979F}.Release|Any CPU.Build.0 = Release|Any CPU
	EndGlobalSection
	GlobalSection(SolutionProperties) = preSolution
		HideSolutionNode = FALSE
	EndGlobalSection
	GlobalSection(ExtensibilityGlobals) = postSolution
		SolutionGuid = {1337220A-0F55-4109-A1CB-61DA89A189D9}
	EndGlobalSection
EndGlobal
